<?xml version="1.0" encoding="utf-8"?>
<Project ToolsVersion="4.0" xmlns="http://schemas.microsoft.com/developer/msbuild/2003">
  <ItemGroup>
    <Filter Include="lib">
      <UniqueIdentifier>{4484984e-ba90-4490-99cc-69017f1413c4}</UniqueIdentifier>
    </Filter>
    <Filter Include="src">
      <UniqueIdentifier>{e9d2496b-c51e-406e-8ab9-2e01eb0bc8b7}</UniqueIdentifier>
    </Filter>
    <Filter Include="src\encoding">
      <UniqueIdentifier>{091cd5a8-266c-4d90-982d-1906b5e346cc}</UniqueIdentifier>
    </Filter>
    <Filter Include="src\ini">
      <UniqueIdentifier>{465f1c21-e329-4ab1-8508-7dd3322b8fe2}</UniqueIdentifier>
    </Filter>
  </ItemGroup>
  <ItemGroup>
    <None Include="io.github.richardchien.coolqhttpapi.json" />
  </ItemGroup>
  <ItemGroup>
    <Library Include="lib\CQP.lib">
      <Filter>lib</Filter>
    </Library>
    <Library Include="lib\jansson.lib">
      <Filter>lib</Filter>
    </Library>
    <Library Include="lib\libcurl.lib">
      <Filter>lib</Filter>
    </Library>
    <Library Include="lib\libevent_core.lib">
      <Filter>lib</Filter>
    </Library>
    <Library Include="lib\libevent_extras.lib">
      <Filter>lib</Filter>
    </Library>
  </ItemGroup>
  <ItemGroup>
    <ClCompile Include="src\appmain.cpp">
      <Filter>src</Filter>
    </ClCompile>
    <ClCompile Include="src\dllmain.cpp">
      <Filter>src</Filter>
    </ClCompile>
    <ClCompile Include="src\misc_functions.cpp">
      <Filter>src</Filter>
    </ClCompile>
    <ClCompile Include="src\request.cpp">
      <Filter>src</Filter>
    </ClCompile>
    <ClCompile Include="src\request_handlers.cpp">
      <Filter>src</Filter>
    </ClCompile>
    <ClCompile Include="src\encoding.cpp">
      <Filter>src\encoding</Filter>
    </ClCompile>
    <ClCompile Include="src\base64.cpp">
      <Filter>src\encoding</Filter>
    </ClCompile>
    <ClCompile Include="src\ini.c">
      <Filter>src\ini</Filter>
    </ClCompile>
    <ClCompile Include="src\cqcode.cpp">
      <Filter>src</Filter>
    </ClCompile>
    <ClCompile Include="src\md5.cpp">
      <Filter>src\encoding</Filter>
    </ClCompile>
  </ItemGroup>
  <ItemGroup>
    <ClInclude Include="src\log.h">
      <Filter>src</Filter>
    </ClInclude>
    <ClInclude Include="src\misc_functions.h">
      <Filter>src</Filter>
    </ClInclude>
    <ClInclude Include="src\request.h">
      <Filter>src</Filter>
    </ClInclude>
    <ClInclude Include="src\request_handlers.h">
      <Filter>src</Filter>
    </ClInclude>
    <ClInclude Include="src\stdafx.h">
      <Filter>src</Filter>
    </ClInclude>
    <ClInclude Include="src\targetver.h">
      <Filter>src</Filter>
    </ClInclude>
    <ClInclude Include="src\app.h">
      <Filter>src</Filter>
    </ClInclude>
    <ClInclude Include="src\encoding.h">
      <Filter>src\encoding</Filter>
    </ClInclude>
    <ClInclude Include="src\base64.h">
      <Filter>src\encoding</Filter>
    </ClInclude>
    <ClInclude Include="src\ini.h">
      <Filter>src\ini</Filter>
    </ClInclude>
    <ClInclude Include="src\cqcode.h">
      <Filter>src</Filter>
    </ClInclude>
    <ClInclude Include="src\md5.h">
      <Filter>src\encoding</Filter>
    </ClInclude>
  </ItemGroup>
</Project>