<?xml version="1.0" encoding="utf-8"?>
<Project ToolsVersion="4.0" xmlns="http://schemas.microsoft.com/developer/msbuild/2003">
  <ItemGroup>
    <Filter Include="src">
      <UniqueIdentifier>{05a585ee-558b-4c0a-8138-14d8b1c7dc10}</UniqueIdentifier>
    </Filter>
    <Filter Include="src\cqp">
      <UniqueIdentifier>{438eb2db-3ab9-4e68-9ded-a9c81b9644f7}</UniqueIdentifier>
    </Filter>
    <Filter Include="src\conf">
      <UniqueIdentifier>{8e37c943-54f7-4836-a366-8997db42ebb5}</UniqueIdentifier>
    </Filter>
    <Filter Include="src\utils">
      <UniqueIdentifier>{99622cd1-6725-4225-be7b-6dc88e8dbc11}</UniqueIdentifier>
    </Filter>
    <Filter Include="src\message">
      <UniqueIdentifier>{007d98a8-4e42-452c-b9d3-cbe0ec3f157e}</UniqueIdentifier>
    </Filter>
    <Filter Include="src\event">
      <UniqueIdentifier>{54a79ccc-b4dd-4fb8-a618-5497dc9513c4}</UniqueIdentifier>
    </Filter>
    <Filter Include="src\web_server">
      <UniqueIdentifier>{2903b17e-34c2-448f-8b71-32dcf9583e3e}</UniqueIdentifier>
    </Filter>
    <Filter Include="src\api">
      <UniqueIdentifier>{d107b753-1225-4f23-9b00-2a1e7cfa7679}</UniqueIdentifier>
    </Filter>
  </ItemGroup>
  <ItemGroup>
    <ClCompile Include="src\cqp\api.cpp">
      <Filter>src\cqp</Filter>
    </ClCompile>
    <ClCompile Include="src\conf\loader.cpp">
      <Filter>src\conf</Filter>
    </ClCompile>
    <ClCompile Include="src\helpers.cpp">
      <Filter>src</Filter>
    </ClCompile>
    <ClCompile Include="src\sdk.cpp">
      <Filter>src</Filter>
    </ClCompile>
    <ClCompile Include="src\utils\base64.cpp">
      <Filter>src\utils</Filter>
    </ClCompile>
    <ClCompile Include="src\message\segment_class.cpp">
      <Filter>src\message</Filter>
    </ClCompile>
    <ClCompile Include="src\message\message_class.cpp">
      <Filter>src\message</Filter>
    </ClCompile>
    <ClCompile Include="src\event\entry.cpp">
      <Filter>src\event</Filter>
    </ClCompile>
    <ClCompile Include="src\dllentry.cpp">
      <Filter>src</Filter>
    </ClCompile>
    <ClCompile Include="src\event\events.cpp">
      <Filter>src\event</Filter>
    </ClCompile>
    <ClCompile Include="src\utils\pack_class.cpp">
      <Filter>src\utils</Filter>
    </ClCompile>
    <ClCompile Include="src\appentry.cpp">
      <Filter>src</Filter>
    </ClCompile>
    <ClCompile Include="src\api\server_class.cpp">
      <Filter>src\api</Filter>
    </ClCompile>
    <ClCompile Include="src\config.cpp">
      <Filter>src</Filter>
    </ClCompile>
    <ClCompile Include="src\api\handlers.cpp">
      <Filter>src\api</Filter>
    </ClCompile>
  </ItemGroup>
  <ItemGroup>
    <ClInclude Include="src\cqp\api_initiator.h">
      <Filter>src\cqp</Filter>
    </ClInclude>
    <ClInclude Include="src\cqp\def.h">
      <Filter>src\cqp</Filter>
    </ClInclude>
    <ClInclude Include="src\cqp\cqp.h">
      <Filter>src\cqp</Filter>
    </ClInclude>
    <ClInclude Include="src\cqp\api.h">
      <Filter>src\cqp</Filter>
    </ClInclude>
    <ClInclude Include="src\common.h">
      <Filter>src</Filter>
    </ClInclude>
    <ClInclude Include="src\app.h">
      <Filter>src</Filter>
    </ClInclude>
    <ClInclude Include="src\helpers.h">
      <Filter>src</Filter>
    </ClInclude>
    <ClInclude Include="src\sdk_class.h">
      <Filter>src</Filter>
    </ClInclude>
    <ClInclude Include="src\log_class.h">
      <Filter>src</Filter>
    </ClInclude>
    <ClInclude Include="src\conf\loader.h">
      <Filter>src\conf</Filter>
    </ClInclude>
    <ClInclude Include="src\utils\base64.h">
      <Filter>src\utils</Filter>
    </ClInclude>
    <ClInclude Include="src\utils\encoding.h">
      <Filter>src\utils</Filter>
    </ClInclude>
    <ClInclude Include="src\utils\rest_client.h">
      <Filter>src\utils</Filter>
    </ClInclude>
    <ClInclude Include="src\message\message_class.h">
      <Filter>src\message</Filter>
    </ClInclude>
    <ClInclude Include="src\event\events.h">
      <Filter>src\event</Filter>
    </ClInclude>
    <ClInclude Include="src\utils\pack_class.h">
      <Filter>src\utils</Filter>
    </ClInclude>
    <ClInclude Include="src\structs.h">
      <Filter>src</Filter>
    </ClInclude>
    <ClInclude Include="src\web_server\server_http.hpp">
      <Filter>src\web_server</Filter>
    </ClInclude>
    <ClInclude Include="src\web_server\server_https.hpp">
      <Filter>src\web_server</Filter>
    </ClInclude>
    <ClInclude Include="src\web_server\status_code.hpp">
      <Filter>src\web_server</Filter>
    </ClInclude>
    <ClInclude Include="src\web_server\utility.hpp">
      <Filter>src\web_server</Filter>
    </ClInclude>
    <ClInclude Include="src\web_server\crypto.hpp">
      <Filter>src\web_server</Filter>
    </ClInclude>
    <ClInclude Include="src\api\server_class.h">
      <Filter>src\api</Filter>
    </ClInclude>
    <ClInclude Include="src\conf\config_struct.h">
      <Filter>src\conf</Filter>
    </ClInclude>
    <ClInclude Include="src\api\types.h">
      <Filter>src\api</Filter>
    </ClInclude>
  </ItemGroup>
  <ItemGroup>
    <None Include="io.github.richardchien.coolqhttpapi.json" />
    <None Include="post_build.bat" />
  </ItemGroup>
</Project>