<?xml version="1.0" encoding="utf-8"?>
<Project ToolsVersion="4.0" xmlns="http://schemas.microsoft.com/developer/msbuild/2003">
  <ItemGroup>
    <Filter Include="lib">
      <UniqueIdentifier>{4484984e-ba90-4490-99cc-69017f1413c4}</UniqueIdentifier>
    </Filter>
    <Filter Include="src">
      <UniqueIdentifier>{e9d2496b-c51e-406e-8ab9-2e01eb0bc8b7}</UniqueIdentifier>
    </Filter>
    <Filter Include="src\encoding">
      <UniqueIdentifier>{091cd5a8-266c-4d90-982d-1906b5e346cc}</UniqueIdentifier>
    </Filter>
    <Filter Include="lib\include">
      <UniqueIdentifier>{19227b5a-b47b-473b-85b3-a38e3b6a30d6}</UniqueIdentifier>
    </Filter>
    <Filter Include="lib\include\cpputils">
      <UniqueIdentifier>{df01a1e8-ad82-4127-82cb-398e067a5486}</UniqueIdentifier>
    </Filter>
    <Filter Include="src\conf">
      <UniqueIdentifier>{465f1c21-e329-4ab1-8508-7dd3322b8fe2}</UniqueIdentifier>
    </Filter>
    <Filter Include="src\api">
      <UniqueIdentifier>{8c648fe8-04e0-48a9-a306-0dce4362340b}</UniqueIdentifier>
    </Filter>
  </ItemGroup>
  <ItemGroup>
    <None Include="io.github.richardchien.coolqhttpapi.json" />
  </ItemGroup>
  <ItemGroup>
    <Library Include="lib\CQP.lib">
      <Filter>lib</Filter>
    </Library>
    <Library Include="lib\jansson.lib">
      <Filter>lib</Filter>
    </Library>
    <Library Include="lib\libcurl.lib">
      <Filter>lib</Filter>
    </Library>
    <Library Include="lib\libevent_core.lib">
      <Filter>lib</Filter>
    </Library>
    <Library Include="lib\libevent_extras.lib">
      <Filter>lib</Filter>
    </Library>
    <Library Include="lib\cpputils.lib">
      <Filter>lib</Filter>
    </Library>
  </ItemGroup>
  <ItemGroup>
    <ClCompile Include="src\cqcode.cpp">
      <Filter>src</Filter>
    </ClCompile>
    <ClCompile Include="src\encoding\base64.cpp">
      <Filter>src\encoding</Filter>
    </ClCompile>
    <ClCompile Include="src\encoding\md5.cpp">
      <Filter>src\encoding</Filter>
    </ClCompile>
    <ClCompile Include="src\helpers.cpp">
      <Filter>src</Filter>
    </ClCompile>
    <ClCompile Include="src\dllentry.cpp">
      <Filter>src</Filter>
    </ClCompile>
    <ClCompile Include="src\conf\ini.c">
      <Filter>src\conf</Filter>
    </ClCompile>
    <ClCompile Include="src\conf\loader.cpp">
      <Filter>src\conf</Filter>
    </ClCompile>
    <ClCompile Include="src\CQ.cpp">
      <Filter>src</Filter>
    </ClCompile>
    <ClCompile Include="src\CQApp.cpp">
      <Filter>src</Filter>
    </ClCompile>
    <ClCompile Include="src\Pack.cpp">
      <Filter>src</Filter>
    </ClCompile>
    <ClCompile Include="src\L.cpp">
      <Filter>src</Filter>
    </ClCompile>
    <ClCompile Include="src\events.cpp">
      <Filter>src</Filter>
    </ClCompile>
    <ClCompile Include="src\post_json.cpp">
      <Filter>src</Filter>
    </ClCompile>
    <ClCompile Include="src\appmain.cpp">
      <Filter>src</Filter>
    </ClCompile>
    <ClCompile Include="src\Message.cpp">
      <Filter>src</Filter>
    </ClCompile>
    <ClCompile Include="src\api\httpd.cpp">
      <Filter>src\api</Filter>
    </ClCompile>
    <ClCompile Include="src\api\ApiRequest.cpp">
      <Filter>src\api</Filter>
    </ClCompile>
    <ClCompile Include="src\api\main_handler.cpp">
      <Filter>src\api</Filter>
    </ClCompile>
    <ClCompile Include="src\api\handlers.cpp">
      <Filter>src\api</Filter>
    </ClCompile>
  </ItemGroup>
  <ItemGroup>
    <ClInclude Include="src\cqcode.h">
      <Filter>src</Filter>
    </ClInclude>
    <ClInclude Include="lib\include\cqp.h">
      <Filter>lib\include</Filter>
    </ClInclude>
    <ClInclude Include="src\common.h">
      <Filter>src</Filter>
    </ClInclude>
    <ClInclude Include="src\encoding\base64.h">
      <Filter>src\encoding</Filter>
    </ClInclude>
    <ClInclude Include="src\encoding\md5.h">
      <Filter>src\encoding</Filter>
    </ClInclude>
    <ClInclude Include="lib\include\cpputils\cpputils.h">
      <Filter>lib\include\cpputils</Filter>
    </ClInclude>
    <ClInclude Include="lib\include\cpputils\exceptions.h">
      <Filter>lib\include\cpputils</Filter>
    </ClInclude>
    <ClInclude Include="lib\include\cpputils\regex_helpers.h">
      <Filter>lib\include\cpputils</Filter>
    </ClInclude>
    <ClInclude Include="lib\include\cpputils\simple_types.h">
      <Filter>lib\include\cpputils</Filter>
    </ClInclude>
    <ClInclude Include="lib\include\cpputils\str.h">
      <Filter>lib\include\cpputils</Filter>
    </ClInclude>
    <ClInclude Include="lib\include\cpputils\win32_bytes.h">
      <Filter>lib\include\cpputils</Filter>
    </ClInclude>
    <ClInclude Include="lib\include\cpputils\win32_encoding.h">
      <Filter>lib\include\cpputils</Filter>
    </ClInclude>
    <ClInclude Include="src\helpers.h">
      <Filter>src</Filter>
    </ClInclude>
    <ClInclude Include="src\conf\ini.h">
      <Filter>src\conf</Filter>
    </ClInclude>
    <ClInclude Include="src\conf\loader.h">
      <Filter>src\conf</Filter>
    </ClInclude>
    <ClInclude Include="src\conf\Config.h">
      <Filter>src\conf</Filter>
    </ClInclude>
    <ClInclude Include="src\CQApp.h">
      <Filter>src</Filter>
    </ClInclude>
    <ClInclude Include="src\app.h">
      <Filter>src</Filter>
    </ClInclude>
    <ClInclude Include="src\Pack.h">
      <Filter>src</Filter>
    </ClInclude>
    <ClInclude Include="src\structs.h">
      <Filter>src</Filter>
    </ClInclude>
    <ClInclude Include="src\events.h">
      <Filter>src</Filter>
    </ClInclude>
    <ClInclude Include="src\post_json.h">
      <Filter>src</Filter>
    </ClInclude>
    <ClInclude Include="src\Logger.h">
      <Filter>src</Filter>
    </ClInclude>
    <ClInclude Include="src\Message.h">
      <Filter>src</Filter>
    </ClInclude>
    <ClInclude Include="src\api\httpd.h">
      <Filter>src\api</Filter>
    </ClInclude>
    <ClInclude Include="src\api\ApiRequest.h">
      <Filter>src\api</Filter>
    </ClInclude>
    <ClInclude Include="src\api\types.h">
      <Filter>src\api</Filter>
    </ClInclude>
    <ClInclude Include="src\api\main_handler.h">
      <Filter>src\api</Filter>
    </ClInclude>
  </ItemGroup>
</Project>